// !$*UTF8*$!
{
	archiveVersion = 1;
	classes = {
	};
	objectVersion = 51;
	objects = {

/* Begin PBXBuildFile section */
		21F545F09B5B040647A9FB8D /* Pods_UmSimplesDiario_UmSimplesDiarioUITests.framework in Frameworks */ = {isa = PBXBuildFile; fileRef = 95A81D0097D60EA1578D593F /* Pods_UmSimplesDiario_UmSimplesDiarioUITests.framework */; };
		3AADFC5D9838860C039D13CA /* Pods_UmSimplesDiarioTests.framework in Frameworks */ = {isa = PBXBuildFile; fileRef = 6AAAB80E005C25684D2D9A06 /* Pods_UmSimplesDiarioTests.framework */; };
		8100C0D2264ED600002F2B80 /* UIWindow.swift in Sources */ = {isa = PBXBuildFile; fileRef = 8100C0D1264ED600002F2B80 /* UIWindow.swift */; };
		8100C0D4264ED6B0002F2B80 /* SDBarButtonItem.swift in Sources */ = {isa = PBXBuildFile; fileRef = 8100C0D3264ED6B0002F2B80 /* SDBarButtonItem.swift */; };
		8100C0D6264EE667002F2B80 /* RedTheme.swift in Sources */ = {isa = PBXBuildFile; fileRef = 8100C0D5264EE667002F2B80 /* RedTheme.swift */; };
		8100C0D8264EE671002F2B80 /* PinkTheme.swift in Sources */ = {isa = PBXBuildFile; fileRef = 8100C0D7264EE671002F2B80 /* PinkTheme.swift */; };
		8100C0DA264EE67A002F2B80 /* PurpleTheme.swift in Sources */ = {isa = PBXBuildFile; fileRef = 8100C0D9264EE67A002F2B80 /* PurpleTheme.swift */; };
		817F79FC25F01827002F0856 /* PresentationViewController.swift in Sources */ = {isa = PBXBuildFile; fileRef = 817F79FB25F01827002F0856 /* PresentationViewController.swift */; };
		817F7A0125F01E0F002F0856 /* ConfigurarRegistroView.swift in Sources */ = {isa = PBXBuildFile; fileRef = 817F7A0025F01E0F002F0856 /* ConfigurarRegistroView.swift */; };
		817F7A0925F026A4002F0856 /* ConfigurarRigistroViewModel.swift in Sources */ = {isa = PBXBuildFile; fileRef = 817F7A0825F026A4002F0856 /* ConfigurarRigistroViewModel.swift */; };
		81BA7BC325D16A320002D594 /* AppDelegate.swift in Sources */ = {isa = PBXBuildFile; fileRef = 81BA7BC225D16A320002D594 /* AppDelegate.swift */; };
		81BA7BC525D16A320002D594 /* SceneDelegate.swift in Sources */ = {isa = PBXBuildFile; fileRef = 81BA7BC425D16A320002D594 /* SceneDelegate.swift */; };
		81BA7BCD25D16A320002D594 /* UmSimplesDiario.xcdatamodeld in Sources */ = {isa = PBXBuildFile; fileRef = 81BA7BCB25D16A320002D594 /* UmSimplesDiario.xcdatamodeld */; };
		81BA7BCF25D16A340002D594 /* Assets.xcassets in Resources */ = {isa = PBXBuildFile; fileRef = 81BA7BCE25D16A340002D594 /* Assets.xcassets */; };
		81BA7BD225D16A340002D594 /* LaunchScreen.storyboard in Resources */ = {isa = PBXBuildFile; fileRef = 81BA7BD025D16A340002D594 /* LaunchScreen.storyboard */; };
		81BA7BDD25D16A340002D594 /* UmSimplesDiarioTests.swift in Sources */ = {isa = PBXBuildFile; fileRef = 81BA7BDC25D16A340002D594 /* UmSimplesDiarioTests.swift */; };
		81BA7BE825D16A340002D594 /* UmSimplesDiarioUITests.swift in Sources */ = {isa = PBXBuildFile; fileRef = 81BA7BE725D16A340002D594 /* UmSimplesDiarioUITests.swift */; };
		81BA7BFC25D16B040002D594 /* AppCoordinator.swift in Sources */ = {isa = PBXBuildFile; fileRef = 81BA7BFB25D16B040002D594 /* AppCoordinator.swift */; };
		81BA7C0125D16B1E0002D594 /* Coordinator.swift in Sources */ = {isa = PBXBuildFile; fileRef = 81BA7C0025D16B1E0002D594 /* Coordinator.swift */; };
		81BA7C0C25D16F800002D594 /* RegistrosCoordinator.swift in Sources */ = {isa = PBXBuildFile; fileRef = 81BA7C0B25D16F800002D594 /* RegistrosCoordinator.swift */; };
		81BA7C1725D16FB00002D594 /* RegistrosViewController.swift in Sources */ = {isa = PBXBuildFile; fileRef = 81BA7C1625D16FB00002D594 /* RegistrosViewController.swift */; };
		81BA7C1C25D16FBE0002D594 /* RegistrosViewModel.swift in Sources */ = {isa = PBXBuildFile; fileRef = 81BA7C1B25D16FBE0002D594 /* RegistrosViewModel.swift */; };
		81BA7C2225D170260002D594 /* RegistrosView.swift in Sources */ = {isa = PBXBuildFile; fileRef = 81BA7C2125D170260002D594 /* RegistrosView.swift */; };
		81BA7C3C25D1737A0002D594 /* RegistroDTO.swift in Sources */ = {isa = PBXBuildFile; fileRef = 81BA7C3B25D1737A0002D594 /* RegistroDTO.swift */; };
		81BA7C4425D173B60002D594 /* ViewModel.swift in Sources */ = {isa = PBXBuildFile; fileRef = 81BA7C4325D173B60002D594 /* ViewModel.swift */; };
		81BA7C4E25D183430002D594 /* StyleSheet.swift in Sources */ = {isa = PBXBuildFile; fileRef = 81BA7C4D25D183430002D594 /* StyleSheet.swift */; };
		81BA7C5625D1AB0E0002D594 /* EscreverDiarioViewController.swift in Sources */ = {isa = PBXBuildFile; fileRef = 81BA7C5525D1AB0E0002D594 /* EscreverDiarioViewController.swift */; };
		81BA7C5B25D1AF7A0002D594 /* PesquisarRegistrosViewController.swift in Sources */ = {isa = PBXBuildFile; fileRef = 81BA7C5A25D1AF7A0002D594 /* PesquisarRegistrosViewController.swift */; };
		81BA7C6125D2AD110002D594 /* URLSession+Extensions.swift in Sources */ = {isa = PBXBuildFile; fileRef = 81BA7C6025D2AD100002D594 /* URLSession+Extensions.swift */; };
		81BA7C6E25D2ADA40002D594 /* WeatherAPI.swift in Sources */ = {isa = PBXBuildFile; fileRef = 81BA7C6D25D2ADA40002D594 /* WeatherAPI.swift */; };
		81BA7C7325D2B09A0002D594 /* APISettings.swift in Sources */ = {isa = PBXBuildFile; fileRef = 81BA7C7225D2B09A0002D594 /* APISettings.swift */; };
		81BA7C7825D2B5660002D594 /* Weather.swift in Sources */ = {isa = PBXBuildFile; fileRef = 81BA7C7725D2B5660002D594 /* Weather.swift */; };
		81BA7C9125D2C1580002D594 /* EscreverDiarioViewModel.swift in Sources */ = {isa = PBXBuildFile; fileRef = 81BA7C9025D2C1580002D594 /* EscreverDiarioViewModel.swift */; };
		81BA7C9625D2C1630002D594 /* EscreverDiarioView.swift in Sources */ = {isa = PBXBuildFile; fileRef = 81BA7C9525D2C1630002D594 /* EscreverDiarioView.swift */; };
		81BA7CB725D42C990002D594 /* RegistroRepository.swift in Sources */ = {isa = PBXBuildFile; fileRef = 81BA7CB625D42C980002D594 /* RegistroRepository.swift */; };
		81BA7CBD25D42CC00002D594 /* CoreDataService.swift in Sources */ = {isa = PBXBuildFile; fileRef = 81BA7CBC25D42CC00002D594 /* CoreDataService.swift */; };
		81BA7CC225D42DE80002D594 /* Humor.swift in Sources */ = {isa = PBXBuildFile; fileRef = 81BA7CC125D42DE80002D594 /* Humor.swift */; };
		81BA7CC725D42E570002D594 /* Schema.swift in Sources */ = {isa = PBXBuildFile; fileRef = 81BA7CC625D42E570002D594 /* Schema.swift */; };
		81BA7D3E25D608E20002D594 /* PesquisarRegistrosViewModel.swift in Sources */ = {isa = PBXBuildFile; fileRef = 81BA7D3D25D608E20002D594 /* PesquisarRegistrosViewModel.swift */; };
		81BA7D4325D609750002D594 /* PesquisarRegistrosView.swift in Sources */ = {isa = PBXBuildFile; fileRef = 81BA7D4225D609750002D594 /* PesquisarRegistrosView.swift */; };
		81BA7D5725D6C73F0002D594 /* HeaderEscreverDiarioView.swift in Sources */ = {isa = PBXBuildFile; fileRef = 81BA7D5625D6C73F0002D594 /* HeaderEscreverDiarioView.swift */; };
		81BA7DC325DBF9570002D594 /* PesquisarRegistrosCoordinator.swift in Sources */ = {isa = PBXBuildFile; fileRef = 81BA7DC225DBF9570002D594 /* PesquisarRegistrosCoordinator.swift */; };
		81BA7DC925DD3B4D0002D594 /* BodyEscreverDiarioViewCell.swift in Sources */ = {isa = PBXBuildFile; fileRef = 81BA7DC825DD3B4D0002D594 /* BodyEscreverDiarioViewCell.swift */; };
		81BA7DE425DD4BB40002D594 /* RegistrosViewCell.swift in Sources */ = {isa = PBXBuildFile; fileRef = 81BA7DE325DD4BB40002D594 /* RegistrosViewCell.swift */; };
		81F10A9E25E00E09001F0ACB /* SectionCell.swift in Sources */ = {isa = PBXBuildFile; fileRef = 81F10A9D25E00E09001F0ACB /* SectionCell.swift */; };
		81F10AB725E01166001F0ACB /* Registro+CoreDataClass.swift in Sources */ = {isa = PBXBuildFile; fileRef = 81F10AB525E01166001F0ACB /* Registro+CoreDataClass.swift */; };
		81F10AB825E01166001F0ACB /* Registro+CoreDataProperties.swift in Sources */ = {isa = PBXBuildFile; fileRef = 81F10AB625E01166001F0ACB /* Registro+CoreDataProperties.swift */; };
		81F10ACC25E012E4001F0ACB /* .swiftlint.yml in Resources */ = {isa = PBXBuildFile; fileRef = 81F10ACB25E012E4001F0ACB /* .swiftlint.yml */; };
		81F10AF425E6A987001F0ACB /* EditarRegistroViewController.swift in Sources */ = {isa = PBXBuildFile; fileRef = 81F10AF325E6A987001F0ACB /* EditarRegistroViewController.swift */; };
		81F10AFF25E6ACA3001F0ACB /* EditarRegistroViewModel.swift in Sources */ = {isa = PBXBuildFile; fileRef = 81F10AFE25E6ACA3001F0ACB /* EditarRegistroViewModel.swift */; };
		81F10B0425E6ACAC001F0ACB /* EditarRegistroView.swift in Sources */ = {isa = PBXBuildFile; fileRef = 81F10B0325E6ACAC001F0ACB /* EditarRegistroView.swift */; };
		81F10B0A25E6AEFE001F0ACB /* EditarRegistroCellModel.swift in Sources */ = {isa = PBXBuildFile; fileRef = 81F10B0925E6AEFE001F0ACB /* EditarRegistroCellModel.swift */; };
		81F10B0F25E6BF41001F0ACB /* TitleEscreverDiarioViewCell.swift in Sources */ = {isa = PBXBuildFile; fileRef = 81F10B0E25E6BF41001F0ACB /* TitleEscreverDiarioViewCell.swift */; };
		81F10B1725E6BF96001F0ACB /* EscreverDiarioAcessoryView.swift in Sources */ = {isa = PBXBuildFile; fileRef = 81F10B1625E6BF96001F0ACB /* EscreverDiarioAcessoryView.swift */; };
		81F10B2C25E975C7001F0ACB /* ConfigurarRegistroViewController.swift in Sources */ = {isa = PBXBuildFile; fileRef = 81F10B2B25E975C7001F0ACB /* ConfigurarRegistroViewController.swift */; };
		81F10B3A25E97645001F0ACB /* EditarRegistroCoordinator.swift in Sources */ = {isa = PBXBuildFile; fileRef = 81F10B3925E97645001F0ACB /* EditarRegistroCoordinator.swift */; };
		81F3D6982644DBC6002966DB /* EditarRegistroViewModel+Protocols.swift in Sources */ = {isa = PBXBuildFile; fileRef = 81F3D6972644DBC6002966DB /* EditarRegistroViewModel+Protocols.swift */; };
		81F3D69C2645667B002966DB /* PesquisarRegistrosViewModel+Protocol.swift in Sources */ = {isa = PBXBuildFile; fileRef = 81F3D69B2645667B002966DB /* PesquisarRegistrosViewModel+Protocol.swift */; };
		81F3D69E264567B1002966DB /* ConfigurarRegistrosViewModel+Protocol.swift in Sources */ = {isa = PBXBuildFile; fileRef = 81F3D69D264567B1002966DB /* ConfigurarRegistrosViewModel+Protocol.swift */; };
		81F3D6A026456C7C002966DB /* RegistrosViewModel+Protocols.swift in Sources */ = {isa = PBXBuildFile; fileRef = 81F3D69F26456C7C002966DB /* RegistrosViewModel+Protocols.swift */; };
		81F3D6A22645DCCF002966DB /* EscreverDiarioViewModel+Protocol.swift in Sources */ = {isa = PBXBuildFile; fileRef = 81F3D6A12645DCCF002966DB /* EscreverDiarioViewModel+Protocol.swift */; };
		81F3D6A62646CAC9002966DB /* CPLPlacemark.swift in Sources */ = {isa = PBXBuildFile; fileRef = 81F3D6A52646CAC9002966DB /* CPLPlacemark.swift */; };
		81F3D6AB264700A1002966DB /* ConfigViewController.swift in Sources */ = {isa = PBXBuildFile; fileRef = 81F3D6AA264700A1002966DB /* ConfigViewController.swift */; };
		81F3D6AD26470737002966DB /* ConfigSections.swift in Sources */ = {isa = PBXBuildFile; fileRef = 81F3D6AC26470737002966DB /* ConfigSections.swift */; };
		81F3D6AF2647074F002966DB /* ConfigViewModel.swift in Sources */ = {isa = PBXBuildFile; fileRef = 81F3D6AE2647074F002966DB /* ConfigViewModel.swift */; };
		81F3D6B1264707A3002966DB /* SwitchButtonTableViewCell.swift in Sources */ = {isa = PBXBuildFile; fileRef = 81F3D6B0264707A3002966DB /* SwitchButtonTableViewCell.swift */; };
		81F3D6B426474A78002966DB /* DefaultsEnum.swift in Sources */ = {isa = PBXBuildFile; fileRef = 81F3D6B326474A78002966DB /* DefaultsEnum.swift */; };
		81F3D6B626474AE6002966DB /* BiometricAuthentication.swift in Sources */ = {isa = PBXBuildFile; fileRef = 81F3D6B526474AE6002966DB /* BiometricAuthentication.swift */; };
		81F3D6B826474B61002966DB /* AlertMessage.swift in Sources */ = {isa = PBXBuildFile; fileRef = 81F3D6B726474B61002966DB /* AlertMessage.swift */; };
		81F3D6BC26475389002966DB /* ThemeViewController.swift in Sources */ = {isa = PBXBuildFile; fileRef = 81F3D6BB26475389002966DB /* ThemeViewController.swift */; };
		81F3D6BE264753BF002966DB /* ConfigCoordinator.swift in Sources */ = {isa = PBXBuildFile; fileRef = 81F3D6BD264753BF002966DB /* ConfigCoordinator.swift */; };
		81F3D6C02647564B002966DB /* ThemeViewModel.swift in Sources */ = {isa = PBXBuildFile; fileRef = 81F3D6BF2647564B002966DB /* ThemeViewModel.swift */; };
		81F3D6C2264757FF002966DB /* ThemeViewModel+Protocol.swift in Sources */ = {isa = PBXBuildFile; fileRef = 81F3D6C1264757FF002966DB /* ThemeViewModel+Protocol.swift */; };
		81F3D6C426475CF2002966DB /* ThemeView.swift in Sources */ = {isa = PBXBuildFile; fileRef = 81F3D6C326475CF2002966DB /* ThemeView.swift */; };
		81F3D6C626476AD2002966DB /* InterfaceStyleManager.swift in Sources */ = {isa = PBXBuildFile; fileRef = 81F3D6C526476AD2002966DB /* InterfaceStyleManager.swift */; };
		81F3D6C82648309E002966DB /* UITextView+Attachment.swift in Sources */ = {isa = PBXBuildFile; fileRef = 81F3D6C72648309E002966DB /* UITextView+Attachment.swift */; };
		81F3D6D3264B3615002966DB /* Styles.swift in Sources */ = {isa = PBXBuildFile; fileRef = 81F3D6D2264B3615002966DB /* Styles.swift */; };
		81FE0986264ECCB2000D9243 /* Theme.swift in Sources */ = {isa = PBXBuildFile; fileRef = 81FE0985264ECCB2000D9243 /* Theme.swift */; };
		81FE0988264ECCC5000D9243 /* ThemeProtocol.swift in Sources */ = {isa = PBXBuildFile; fileRef = 81FE0987264ECCC5000D9243 /* ThemeProtocol.swift */; };
		81FE098A264ECCE7000D9243 /* UIAssets.swift in Sources */ = {isa = PBXBuildFile; fileRef = 81FE0989264ECCE7000D9243 /* UIAssets.swift */; };
		81FE098C264ECCF7000D9243 /* ThemeManager.swift in Sources */ = {isa = PBXBuildFile; fileRef = 81FE098B264ECCF7000D9243 /* ThemeManager.swift */; };
		81FE098F264ECE19000D9243 /* BlueTheme.swift in Sources */ = {isa = PBXBuildFile; fileRef = 81FE098E264ECE19000D9243 /* BlueTheme.swift */; };
		81FE0991264ECE37000D9243 /* ThemeAssets.swift in Sources */ = {isa = PBXBuildFile; fileRef = 81FE0990264ECE37000D9243 /* ThemeAssets.swift */; };
		81FE0994264ED196000D9243 /* SDButton.swift in Sources */ = {isa = PBXBuildFile; fileRef = 81FE0993264ED196000D9243 /* SDButton.swift */; };
		81FE0996264ED1D8000D9243 /* SDNavigation.swift in Sources */ = {isa = PBXBuildFile; fileRef = 81FE0995264ED1D8000D9243 /* SDNavigation.swift */; };
		81FE0998264ED20E000D9243 /* SDLabel.swift in Sources */ = {isa = PBXBuildFile; fileRef = 81FE0997264ED20E000D9243 /* SDLabel.swift */; };
		81FE099A264ED350000D9243 /* SDView.swift in Sources */ = {isa = PBXBuildFile; fileRef = 81FE0999264ED350000D9243 /* SDView.swift */; };
		8F9C320F660A9A3AF86FEC6F /* Pods_UmSimplesDiario.framework in Frameworks */ = {isa = PBXBuildFile; fileRef = BB46B3280F2F1D2DC102CFA6 /* Pods_UmSimplesDiario.framework */; };
/* End PBXBuildFile section */

/* Begin PBXContainerItemProxy section */
		81BA7BD925D16A340002D594 /* PBXContainerItemProxy */ = {
			isa = PBXContainerItemProxy;
			containerPortal = 81BA7BB725D16A320002D594 /* Project object */;
			proxyType = 1;
			remoteGlobalIDString = 81BA7BBE25D16A320002D594;
			remoteInfo = UmSimplesDiario;
		};
		81BA7BE425D16A340002D594 /* PBXContainerItemProxy */ = {
			isa = PBXContainerItemProxy;
			containerPortal = 81BA7BB725D16A320002D594 /* Project object */;
			proxyType = 1;
			remoteGlobalIDString = 81BA7BBE25D16A320002D594;
			remoteInfo = UmSimplesDiario;
		};
/* End PBXContainerItemProxy section */

/* Begin PBXFileReference section */
		3A81DAA88FA86F6045E31094 /* Pods-UmSimplesDiario-UmSimplesDiarioUITests.release.xcconfig */ = {isa = PBXFileReference; includeInIndex = 1; lastKnownFileType = text.xcconfig; name = "Pods-UmSimplesDiario-UmSimplesDiarioUITests.release.xcconfig"; path = "Target Support Files/Pods-UmSimplesDiario-UmSimplesDiarioUITests/Pods-UmSimplesDiario-UmSimplesDiarioUITests.release.xcconfig"; sourceTree = "<group>"; };
		5F3A892BFBD9B9B5980E0FDA /* Pods-UmSimplesDiarioTests.debug.xcconfig */ = {isa = PBXFileReference; includeInIndex = 1; lastKnownFileType = text.xcconfig; name = "Pods-UmSimplesDiarioTests.debug.xcconfig"; path = "Target Support Files/Pods-UmSimplesDiarioTests/Pods-UmSimplesDiarioTests.debug.xcconfig"; sourceTree = "<group>"; };
		6325CDD0DB65906C0C32626D /* Pods-UmSimplesDiario.release.xcconfig */ = {isa = PBXFileReference; includeInIndex = 1; lastKnownFileType = text.xcconfig; name = "Pods-UmSimplesDiario.release.xcconfig"; path = "Target Support Files/Pods-UmSimplesDiario/Pods-UmSimplesDiario.release.xcconfig"; sourceTree = "<group>"; };
		6AAAB80E005C25684D2D9A06 /* Pods_UmSimplesDiarioTests.framework */ = {isa = PBXFileReference; explicitFileType = wrapper.framework; includeInIndex = 0; path = Pods_UmSimplesDiarioTests.framework; sourceTree = BUILT_PRODUCTS_DIR; };
		8100C0D1264ED600002F2B80 /* UIWindow.swift */ = {isa = PBXFileReference; lastKnownFileType = sourcecode.swift; path = UIWindow.swift; sourceTree = "<group>"; };
		8100C0D3264ED6B0002F2B80 /* SDBarButtonItem.swift */ = {isa = PBXFileReference; lastKnownFileType = sourcecode.swift; path = SDBarButtonItem.swift; sourceTree = "<group>"; };
		8100C0D5264EE667002F2B80 /* RedTheme.swift */ = {isa = PBXFileReference; lastKnownFileType = sourcecode.swift; path = RedTheme.swift; sourceTree = "<group>"; };
		8100C0D7264EE671002F2B80 /* PinkTheme.swift */ = {isa = PBXFileReference; lastKnownFileType = sourcecode.swift; path = PinkTheme.swift; sourceTree = "<group>"; };
		8100C0D9264EE67A002F2B80 /* PurpleTheme.swift */ = {isa = PBXFileReference; lastKnownFileType = sourcecode.swift; path = PurpleTheme.swift; sourceTree = "<group>"; };
		817F79FB25F01827002F0856 /* PresentationViewController.swift */ = {isa = PBXFileReference; lastKnownFileType = sourcecode.swift; path = PresentationViewController.swift; sourceTree = "<group>"; };
		817F7A0025F01E0F002F0856 /* ConfigurarRegistroView.swift */ = {isa = PBXFileReference; lastKnownFileType = sourcecode.swift; path = ConfigurarRegistroView.swift; sourceTree = "<group>"; };
		817F7A0825F026A4002F0856 /* ConfigurarRigistroViewModel.swift */ = {isa = PBXFileReference; lastKnownFileType = sourcecode.swift; path = ConfigurarRigistroViewModel.swift; sourceTree = "<group>"; };
		81BA7BBF25D16A320002D594 /* UmSimplesDiario.app */ = {isa = PBXFileReference; explicitFileType = wrapper.application; includeInIndex = 0; path = UmSimplesDiario.app; sourceTree = BUILT_PRODUCTS_DIR; };
		81BA7BC225D16A320002D594 /* AppDelegate.swift */ = {isa = PBXFileReference; lastKnownFileType = sourcecode.swift; path = AppDelegate.swift; sourceTree = "<group>"; };
		81BA7BC425D16A320002D594 /* SceneDelegate.swift */ = {isa = PBXFileReference; lastKnownFileType = sourcecode.swift; path = SceneDelegate.swift; sourceTree = "<group>"; };
		81BA7BCC25D16A320002D594 /* UmSimplesDiario.xcdatamodel */ = {isa = PBXFileReference; lastKnownFileType = wrapper.xcdatamodel; path = UmSimplesDiario.xcdatamodel; sourceTree = "<group>"; };
		81BA7BCE25D16A340002D594 /* Assets.xcassets */ = {isa = PBXFileReference; lastKnownFileType = folder.assetcatalog; path = Assets.xcassets; sourceTree = "<group>"; };
		81BA7BD125D16A340002D594 /* Base */ = {isa = PBXFileReference; lastKnownFileType = file.storyboard; name = Base; path = Base.lproj/LaunchScreen.storyboard; sourceTree = "<group>"; };
		81BA7BD325D16A340002D594 /* Info.plist */ = {isa = PBXFileReference; lastKnownFileType = text.plist.xml; path = Info.plist; sourceTree = "<group>"; };
		81BA7BD825D16A340002D594 /* UmSimplesDiarioTests.xctest */ = {isa = PBXFileReference; explicitFileType = wrapper.cfbundle; includeInIndex = 0; path = UmSimplesDiarioTests.xctest; sourceTree = BUILT_PRODUCTS_DIR; };
		81BA7BDC25D16A340002D594 /* UmSimplesDiarioTests.swift */ = {isa = PBXFileReference; lastKnownFileType = sourcecode.swift; path = UmSimplesDiarioTests.swift; sourceTree = "<group>"; };
		81BA7BDE25D16A340002D594 /* Info.plist */ = {isa = PBXFileReference; lastKnownFileType = text.plist.xml; path = Info.plist; sourceTree = "<group>"; };
		81BA7BE325D16A340002D594 /* UmSimplesDiarioUITests.xctest */ = {isa = PBXFileReference; explicitFileType = wrapper.cfbundle; includeInIndex = 0; path = UmSimplesDiarioUITests.xctest; sourceTree = BUILT_PRODUCTS_DIR; };
		81BA7BE725D16A340002D594 /* UmSimplesDiarioUITests.swift */ = {isa = PBXFileReference; lastKnownFileType = sourcecode.swift; path = UmSimplesDiarioUITests.swift; sourceTree = "<group>"; };
		81BA7BE925D16A340002D594 /* Info.plist */ = {isa = PBXFileReference; lastKnownFileType = text.plist.xml; path = Info.plist; sourceTree = "<group>"; };
		81BA7BFB25D16B040002D594 /* AppCoordinator.swift */ = {isa = PBXFileReference; lastKnownFileType = sourcecode.swift; path = AppCoordinator.swift; sourceTree = "<group>"; };
		81BA7C0025D16B1E0002D594 /* Coordinator.swift */ = {isa = PBXFileReference; lastKnownFileType = sourcecode.swift; path = Coordinator.swift; sourceTree = "<group>"; };
		81BA7C0B25D16F800002D594 /* RegistrosCoordinator.swift */ = {isa = PBXFileReference; lastKnownFileType = sourcecode.swift; path = RegistrosCoordinator.swift; sourceTree = "<group>"; };
		81BA7C1625D16FB00002D594 /* RegistrosViewController.swift */ = {isa = PBXFileReference; lastKnownFileType = sourcecode.swift; path = RegistrosViewController.swift; sourceTree = "<group>"; };
		81BA7C1B25D16FBE0002D594 /* RegistrosViewModel.swift */ = {isa = PBXFileReference; lastKnownFileType = sourcecode.swift; path = RegistrosViewModel.swift; sourceTree = "<group>"; };
		81BA7C2125D170260002D594 /* RegistrosView.swift */ = {isa = PBXFileReference; lastKnownFileType = sourcecode.swift; path = RegistrosView.swift; sourceTree = "<group>"; };
		81BA7C3B25D1737A0002D594 /* RegistroDTO.swift */ = {isa = PBXFileReference; lastKnownFileType = sourcecode.swift; path = RegistroDTO.swift; sourceTree = "<group>"; };
		81BA7C4325D173B60002D594 /* ViewModel.swift */ = {isa = PBXFileReference; lastKnownFileType = sourcecode.swift; path = ViewModel.swift; sourceTree = "<group>"; };
		81BA7C4D25D183430002D594 /* StyleSheet.swift */ = {isa = PBXFileReference; lastKnownFileType = sourcecode.swift; path = StyleSheet.swift; sourceTree = "<group>"; };
		81BA7C5525D1AB0E0002D594 /* EscreverDiarioViewController.swift */ = {isa = PBXFileReference; lastKnownFileType = sourcecode.swift; path = EscreverDiarioViewController.swift; sourceTree = "<group>"; };
		81BA7C5A25D1AF7A0002D594 /* PesquisarRegistrosViewController.swift */ = {isa = PBXFileReference; lastKnownFileType = sourcecode.swift; path = PesquisarRegistrosViewController.swift; sourceTree = "<group>"; };
		81BA7C6025D2AD100002D594 /* URLSession+Extensions.swift */ = {isa = PBXFileReference; lastKnownFileType = sourcecode.swift; path = "URLSession+Extensions.swift"; sourceTree = "<group>"; };
		81BA7C6D25D2ADA40002D594 /* WeatherAPI.swift */ = {isa = PBXFileReference; lastKnownFileType = sourcecode.swift; path = WeatherAPI.swift; sourceTree = "<group>"; };
		81BA7C7225D2B09A0002D594 /* APISettings.swift */ = {isa = PBXFileReference; lastKnownFileType = sourcecode.swift; path = APISettings.swift; sourceTree = "<group>"; };
		81BA7C7725D2B5660002D594 /* Weather.swift */ = {isa = PBXFileReference; lastKnownFileType = sourcecode.swift; path = Weather.swift; sourceTree = "<group>"; };
		81BA7C9025D2C1580002D594 /* EscreverDiarioViewModel.swift */ = {isa = PBXFileReference; lastKnownFileType = sourcecode.swift; path = EscreverDiarioViewModel.swift; sourceTree = "<group>"; };
		81BA7C9525D2C1630002D594 /* EscreverDiarioView.swift */ = {isa = PBXFileReference; lastKnownFileType = sourcecode.swift; path = EscreverDiarioView.swift; sourceTree = "<group>"; };
		81BA7CB625D42C980002D594 /* RegistroRepository.swift */ = {isa = PBXFileReference; lastKnownFileType = sourcecode.swift; path = RegistroRepository.swift; sourceTree = "<group>"; };
		81BA7CBC25D42CC00002D594 /* CoreDataService.swift */ = {isa = PBXFileReference; lastKnownFileType = sourcecode.swift; path = CoreDataService.swift; sourceTree = "<group>"; };
		81BA7CC125D42DE80002D594 /* Humor.swift */ = {isa = PBXFileReference; lastKnownFileType = sourcecode.swift; path = Humor.swift; sourceTree = "<group>"; };
		81BA7CC625D42E570002D594 /* Schema.swift */ = {isa = PBXFileReference; lastKnownFileType = sourcecode.swift; path = Schema.swift; sourceTree = "<group>"; };
		81BA7D3D25D608E20002D594 /* PesquisarRegistrosViewModel.swift */ = {isa = PBXFileReference; lastKnownFileType = sourcecode.swift; path = PesquisarRegistrosViewModel.swift; sourceTree = "<group>"; };
		81BA7D4225D609750002D594 /* PesquisarRegistrosView.swift */ = {isa = PBXFileReference; lastKnownFileType = sourcecode.swift; path = PesquisarRegistrosView.swift; sourceTree = "<group>"; };
		81BA7D5625D6C73F0002D594 /* HeaderEscreverDiarioView.swift */ = {isa = PBXFileReference; lastKnownFileType = sourcecode.swift; path = HeaderEscreverDiarioView.swift; sourceTree = "<group>"; };
		81BA7DC225DBF9570002D594 /* PesquisarRegistrosCoordinator.swift */ = {isa = PBXFileReference; lastKnownFileType = sourcecode.swift; path = PesquisarRegistrosCoordinator.swift; sourceTree = "<group>"; };
		81BA7DC825DD3B4D0002D594 /* BodyEscreverDiarioViewCell.swift */ = {isa = PBXFileReference; lastKnownFileType = sourcecode.swift; path = BodyEscreverDiarioViewCell.swift; sourceTree = "<group>"; };
		81BA7DE325DD4BB40002D594 /* RegistrosViewCell.swift */ = {isa = PBXFileReference; lastKnownFileType = sourcecode.swift; path = RegistrosViewCell.swift; sourceTree = "<group>"; };
		81F10A9D25E00E09001F0ACB /* SectionCell.swift */ = {isa = PBXFileReference; lastKnownFileType = sourcecode.swift; path = SectionCell.swift; sourceTree = "<group>"; };
		81F10AB525E01166001F0ACB /* Registro+CoreDataClass.swift */ = {isa = PBXFileReference; lastKnownFileType = sourcecode.swift; path = "Registro+CoreDataClass.swift"; sourceTree = "<group>"; };
		81F10AB625E01166001F0ACB /* Registro+CoreDataProperties.swift */ = {isa = PBXFileReference; lastKnownFileType = sourcecode.swift; path = "Registro+CoreDataProperties.swift"; sourceTree = "<group>"; };
		81F10ACB25E012E4001F0ACB /* .swiftlint.yml */ = {isa = PBXFileReference; lastKnownFileType = text.yaml; path = .swiftlint.yml; sourceTree = "<group>"; };
		81F10AF325E6A987001F0ACB /* EditarRegistroViewController.swift */ = {isa = PBXFileReference; lastKnownFileType = sourcecode.swift; path = EditarRegistroViewController.swift; sourceTree = "<group>"; };
		81F10AFE25E6ACA3001F0ACB /* EditarRegistroViewModel.swift */ = {isa = PBXFileReference; lastKnownFileType = sourcecode.swift; path = EditarRegistroViewModel.swift; sourceTree = "<group>"; };
		81F10B0325E6ACAC001F0ACB /* EditarRegistroView.swift */ = {isa = PBXFileReference; lastKnownFileType = sourcecode.swift; path = EditarRegistroView.swift; sourceTree = "<group>"; };
		81F10B0925E6AEFE001F0ACB /* EditarRegistroCellModel.swift */ = {isa = PBXFileReference; lastKnownFileType = sourcecode.swift; path = EditarRegistroCellModel.swift; sourceTree = "<group>"; };
		81F10B0E25E6BF41001F0ACB /* TitleEscreverDiarioViewCell.swift */ = {isa = PBXFileReference; lastKnownFileType = sourcecode.swift; path = TitleEscreverDiarioViewCell.swift; sourceTree = "<group>"; };
		81F10B1625E6BF96001F0ACB /* EscreverDiarioAcessoryView.swift */ = {isa = PBXFileReference; lastKnownFileType = sourcecode.swift; path = EscreverDiarioAcessoryView.swift; sourceTree = "<group>"; };
		81F10B2B25E975C7001F0ACB /* ConfigurarRegistroViewController.swift */ = {isa = PBXFileReference; lastKnownFileType = sourcecode.swift; path = ConfigurarRegistroViewController.swift; sourceTree = "<group>"; };
		81F10B3925E97645001F0ACB /* EditarRegistroCoordinator.swift */ = {isa = PBXFileReference; lastKnownFileType = sourcecode.swift; path = EditarRegistroCoordinator.swift; sourceTree = "<group>"; };
		81F3D6972644DBC6002966DB /* EditarRegistroViewModel+Protocols.swift */ = {isa = PBXFileReference; lastKnownFileType = sourcecode.swift; path = "EditarRegistroViewModel+Protocols.swift"; sourceTree = "<group>"; };
		81F3D69B2645667B002966DB /* PesquisarRegistrosViewModel+Protocol.swift */ = {isa = PBXFileReference; lastKnownFileType = sourcecode.swift; path = "PesquisarRegistrosViewModel+Protocol.swift"; sourceTree = "<group>"; };
		81F3D69D264567B1002966DB /* ConfigurarRegistrosViewModel+Protocol.swift */ = {isa = PBXFileReference; lastKnownFileType = sourcecode.swift; path = "ConfigurarRegistrosViewModel+Protocol.swift"; sourceTree = "<group>"; };
		81F3D69F26456C7C002966DB /* RegistrosViewModel+Protocols.swift */ = {isa = PBXFileReference; lastKnownFileType = sourcecode.swift; path = "RegistrosViewModel+Protocols.swift"; sourceTree = "<group>"; };
		81F3D6A12645DCCF002966DB /* EscreverDiarioViewModel+Protocol.swift */ = {isa = PBXFileReference; lastKnownFileType = sourcecode.swift; path = "EscreverDiarioViewModel+Protocol.swift"; sourceTree = "<group>"; };
		81F3D6A52646CAC9002966DB /* CPLPlacemark.swift */ = {isa = PBXFileReference; lastKnownFileType = sourcecode.swift; path = CPLPlacemark.swift; sourceTree = "<group>"; };
		81F3D6AA264700A1002966DB /* ConfigViewController.swift */ = {isa = PBXFileReference; lastKnownFileType = sourcecode.swift; path = ConfigViewController.swift; sourceTree = "<group>"; };
		81F3D6AC26470737002966DB /* ConfigSections.swift */ = {isa = PBXFileReference; lastKnownFileType = sourcecode.swift; path = ConfigSections.swift; sourceTree = "<group>"; };
		81F3D6AE2647074F002966DB /* ConfigViewModel.swift */ = {isa = PBXFileReference; lastKnownFileType = sourcecode.swift; path = ConfigViewModel.swift; sourceTree = "<group>"; };
		81F3D6B0264707A3002966DB /* SwitchButtonTableViewCell.swift */ = {isa = PBXFileReference; lastKnownFileType = sourcecode.swift; path = SwitchButtonTableViewCell.swift; sourceTree = "<group>"; };
		81F3D6B326474A78002966DB /* DefaultsEnum.swift */ = {isa = PBXFileReference; lastKnownFileType = sourcecode.swift; path = DefaultsEnum.swift; sourceTree = "<group>"; };
		81F3D6B526474AE6002966DB /* BiometricAuthentication.swift */ = {isa = PBXFileReference; lastKnownFileType = sourcecode.swift; path = BiometricAuthentication.swift; sourceTree = "<group>"; };
		81F3D6B726474B61002966DB /* AlertMessage.swift */ = {isa = PBXFileReference; lastKnownFileType = sourcecode.swift; path = AlertMessage.swift; sourceTree = "<group>"; };
		81F3D6BB26475389002966DB /* ThemeViewController.swift */ = {isa = PBXFileReference; lastKnownFileType = sourcecode.swift; path = ThemeViewController.swift; sourceTree = "<group>"; };
		81F3D6BD264753BF002966DB /* ConfigCoordinator.swift */ = {isa = PBXFileReference; lastKnownFileType = sourcecode.swift; path = ConfigCoordinator.swift; sourceTree = "<group>"; };
		81F3D6BF2647564B002966DB /* ThemeViewModel.swift */ = {isa = PBXFileReference; lastKnownFileType = sourcecode.swift; path = ThemeViewModel.swift; sourceTree = "<group>"; };
		81F3D6C1264757FF002966DB /* ThemeViewModel+Protocol.swift */ = {isa = PBXFileReference; lastKnownFileType = sourcecode.swift; path = "ThemeViewModel+Protocol.swift"; sourceTree = "<group>"; };
		81F3D6C326475CF2002966DB /* ThemeView.swift */ = {isa = PBXFileReference; lastKnownFileType = sourcecode.swift; path = ThemeView.swift; sourceTree = "<group>"; };
		81F3D6C526476AD2002966DB /* InterfaceStyleManager.swift */ = {isa = PBXFileReference; lastKnownFileType = sourcecode.swift; path = InterfaceStyleManager.swift; sourceTree = "<group>"; };
		81F3D6C72648309E002966DB /* UITextView+Attachment.swift */ = {isa = PBXFileReference; lastKnownFileType = sourcecode.swift; path = "UITextView+Attachment.swift"; sourceTree = "<group>"; };
		81F3D6D2264B3615002966DB /* Styles.swift */ = {isa = PBXFileReference; lastKnownFileType = sourcecode.swift; path = Styles.swift; sourceTree = "<group>"; };
		81FE0985264ECCB2000D9243 /* Theme.swift */ = {isa = PBXFileReference; lastKnownFileType = sourcecode.swift; path = Theme.swift; sourceTree = "<group>"; };
		81FE0987264ECCC5000D9243 /* ThemeProtocol.swift */ = {isa = PBXFileReference; lastKnownFileType = sourcecode.swift; path = ThemeProtocol.swift; sourceTree = "<group>"; };
		81FE0989264ECCE7000D9243 /* UIAssets.swift */ = {isa = PBXFileReference; lastKnownFileType = sourcecode.swift; path = UIAssets.swift; sourceTree = "<group>"; };
		81FE098B264ECCF7000D9243 /* ThemeManager.swift */ = {isa = PBXFileReference; lastKnownFileType = sourcecode.swift; path = ThemeManager.swift; sourceTree = "<group>"; };
		81FE098E264ECE19000D9243 /* BlueTheme.swift */ = {isa = PBXFileReference; lastKnownFileType = sourcecode.swift; path = BlueTheme.swift; sourceTree = "<group>"; };
		81FE0990264ECE37000D9243 /* ThemeAssets.swift */ = {isa = PBXFileReference; lastKnownFileType = sourcecode.swift; path = ThemeAssets.swift; sourceTree = "<group>"; };
		81FE0993264ED196000D9243 /* SDButton.swift */ = {isa = PBXFileReference; lastKnownFileType = sourcecode.swift; path = SDButton.swift; sourceTree = "<group>"; };
		81FE0995264ED1D8000D9243 /* SDNavigation.swift */ = {isa = PBXFileReference; lastKnownFileType = sourcecode.swift; path = SDNavigation.swift; sourceTree = "<group>"; };
		81FE0997264ED20E000D9243 /* SDLabel.swift */ = {isa = PBXFileReference; lastKnownFileType = sourcecode.swift; path = SDLabel.swift; sourceTree = "<group>"; };
		81FE0999264ED350000D9243 /* SDView.swift */ = {isa = PBXFileReference; lastKnownFileType = sourcecode.swift; path = SDView.swift; sourceTree = "<group>"; };
		91DBE402C88954FC1A6188A4 /* Pods-UmSimplesDiario-UmSimplesDiarioUITests.debug.xcconfig */ = {isa = PBXFileReference; includeInIndex = 1; lastKnownFileType = text.xcconfig; name = "Pods-UmSimplesDiario-UmSimplesDiarioUITests.debug.xcconfig"; path = "Target Support Files/Pods-UmSimplesDiario-UmSimplesDiarioUITests/Pods-UmSimplesDiario-UmSimplesDiarioUITests.debug.xcconfig"; sourceTree = "<group>"; };
		95A81D0097D60EA1578D593F /* Pods_UmSimplesDiario_UmSimplesDiarioUITests.framework */ = {isa = PBXFileReference; explicitFileType = wrapper.framework; includeInIndex = 0; path = Pods_UmSimplesDiario_UmSimplesDiarioUITests.framework; sourceTree = BUILT_PRODUCTS_DIR; };
		BB46B3280F2F1D2DC102CFA6 /* Pods_UmSimplesDiario.framework */ = {isa = PBXFileReference; explicitFileType = wrapper.framework; includeInIndex = 0; path = Pods_UmSimplesDiario.framework; sourceTree = BUILT_PRODUCTS_DIR; };
		FBF36D0CB2D0C71D60E701A5 /* Pods-UmSimplesDiario.debug.xcconfig */ = {isa = PBXFileReference; includeInIndex = 1; lastKnownFileType = text.xcconfig; name = "Pods-UmSimplesDiario.debug.xcconfig"; path = "Target Support Files/Pods-UmSimplesDiario/Pods-UmSimplesDiario.debug.xcconfig"; sourceTree = "<group>"; };
		FF34AC9D6614282604C7E3AE /* Pods-UmSimplesDiarioTests.release.xcconfig */ = {isa = PBXFileReference; includeInIndex = 1; lastKnownFileType = text.xcconfig; name = "Pods-UmSimplesDiarioTests.release.xcconfig"; path = "Target Support Files/Pods-UmSimplesDiarioTests/Pods-UmSimplesDiarioTests.release.xcconfig"; sourceTree = "<group>"; };
/* End PBXFileReference section */

/* Begin PBXFrameworksBuildPhase section */
		81BA7BBC25D16A320002D594 /* Frameworks */ = {
			isa = PBXFrameworksBuildPhase;
			buildActionMask = 2147483647;
			files = (
				8F9C320F660A9A3AF86FEC6F /* Pods_UmSimplesDiario.framework in Frameworks */,
			);
			runOnlyForDeploymentPostprocessing = 0;
		};
		81BA7BD525D16A340002D594 /* Frameworks */ = {
			isa = PBXFrameworksBuildPhase;
			buildActionMask = 2147483647;
			files = (
				3AADFC5D9838860C039D13CA /* Pods_UmSimplesDiarioTests.framework in Frameworks */,
			);
			runOnlyForDeploymentPostprocessing = 0;
		};
		81BA7BE025D16A340002D594 /* Frameworks */ = {
			isa = PBXFrameworksBuildPhase;
			buildActionMask = 2147483647;
			files = (
				21F545F09B5B040647A9FB8D /* Pods_UmSimplesDiario_UmSimplesDiarioUITests.framework in Frameworks */,
			);
			runOnlyForDeploymentPostprocessing = 0;
		};
/* End PBXFrameworksBuildPhase section */

/* Begin PBXGroup section */
		7D3F3392069E9E04878672EE /* Frameworks */ = {
			isa = PBXGroup;
			children = (
				BB46B3280F2F1D2DC102CFA6 /* Pods_UmSimplesDiario.framework */,
				95A81D0097D60EA1578D593F /* Pods_UmSimplesDiario_UmSimplesDiarioUITests.framework */,
				6AAAB80E005C25684D2D9A06 /* Pods_UmSimplesDiarioTests.framework */,
			);
			name = Frameworks;
			sourceTree = "<group>";
		};
		81BA7BB625D16A320002D594 = {
			isa = PBXGroup;
			children = (
				81F10ACB25E012E4001F0ACB /* .swiftlint.yml */,
				81BA7BC125D16A320002D594 /* UmSimplesDiario */,
				81BA7BDB25D16A340002D594 /* UmSimplesDiarioTests */,
				81BA7BE625D16A340002D594 /* UmSimplesDiarioUITests */,
				81BA7BC025D16A320002D594 /* Products */,
				E8A836F27DDD01AE3689DC04 /* Pods */,
				7D3F3392069E9E04878672EE /* Frameworks */,
			);
			sourceTree = "<group>";
		};
		81BA7BC025D16A320002D594 /* Products */ = {
			isa = PBXGroup;
			children = (
				81BA7BBF25D16A320002D594 /* UmSimplesDiario.app */,
				81BA7BD825D16A340002D594 /* UmSimplesDiarioTests.xctest */,
				81BA7BE325D16A340002D594 /* UmSimplesDiarioUITests.xctest */,
			);
			name = Products;
			sourceTree = "<group>";
		};
		81BA7BC125D16A320002D594 /* UmSimplesDiario */ = {
			isa = PBXGroup;
			children = (
				81FE0992264ED18B000D9243 /* UI */,
				81F10AA225E00F0A001F0ACB /* Repository */,
				81BA7C5F25D2AC0C0002D594 /* Network */,
				81BA7C3A25D1736E0002D594 /* Model */,
				81BA7CBB25D42CB30002D594 /* Service */,
				81BA7C0A25D16F690002D594 /* Coordinators */,
				81BA7C0525D16B6F0002D594 /* Scenes */,
				81F3D6A32646CAA0002966DB /* Shared */,
				81BA7BCE25D16A340002D594 /* Assets.xcassets */,
				81BA7BD025D16A340002D594 /* LaunchScreen.storyboard */,
				81BA7BD325D16A340002D594 /* Info.plist */,
				81BA7BCB25D16A320002D594 /* UmSimplesDiario.xcdatamodeld */,
				81BA7C4D25D183430002D594 /* StyleSheet.swift */,
			);
			path = UmSimplesDiario;
			sourceTree = "<group>";
		};
		81BA7BDB25D16A340002D594 /* UmSimplesDiarioTests */ = {
			isa = PBXGroup;
			children = (
				81BA7BDC25D16A340002D594 /* UmSimplesDiarioTests.swift */,
				81BA7BDE25D16A340002D594 /* Info.plist */,
			);
			path = UmSimplesDiarioTests;
			sourceTree = "<group>";
		};
		81BA7BE625D16A340002D594 /* UmSimplesDiarioUITests */ = {
			isa = PBXGroup;
			children = (
				81BA7BE725D16A340002D594 /* UmSimplesDiarioUITests.swift */,
				81BA7BE925D16A340002D594 /* Info.plist */,
			);
			path = UmSimplesDiarioUITests;
			sourceTree = "<group>";
		};
		81BA7C0525D16B6F0002D594 /* Scenes */ = {
			isa = PBXGroup;
			children = (
				81F3D6A92647008A002966DB /* Config */,
				81F10B2A25E975A4001F0ACB /* ConfigurarRegistro */,
				81F10A9625DFFD1F001F0ACB /* EditarRegistro */,
				81BA7C0925D16F510002D594 /* PesquisarRegistros */,
				81BA7C0825D16F480002D594 /* EscreverDiario */,
				81BA7C0725D16F380002D594 /* Registros */,
			);
			path = Scenes;
			sourceTree = "<group>";
		};
		81BA7C0725D16F380002D594 /* Registros */ = {
			isa = PBXGroup;
			children = (
				81BA7DE225DD4B9F0002D594 /* CustomCells */,
				81BA7C1625D16FB00002D594 /* RegistrosViewController.swift */,
				81BA7C1B25D16FBE0002D594 /* RegistrosViewModel.swift */,
				81BA7C2125D170260002D594 /* RegistrosView.swift */,
				81F3D69F26456C7C002966DB /* RegistrosViewModel+Protocols.swift */,
			);
			path = Registros;
			sourceTree = "<group>";
		};
		81BA7C0825D16F480002D594 /* EscreverDiario */ = {
			isa = PBXGroup;
			children = (
				81BA7DC725DD3B3B0002D594 /* CustomCells */,
				81BA7C5525D1AB0E0002D594 /* EscreverDiarioViewController.swift */,
				81BA7C9025D2C1580002D594 /* EscreverDiarioViewModel.swift */,
				81BA7C9525D2C1630002D594 /* EscreverDiarioView.swift */,
				81BA7D5625D6C73F0002D594 /* HeaderEscreverDiarioView.swift */,
				81F3D6A12645DCCF002966DB /* EscreverDiarioViewModel+Protocol.swift */,
			);
			path = EscreverDiario;
			sourceTree = "<group>";
		};
		81BA7C0925D16F510002D594 /* PesquisarRegistros */ = {
			isa = PBXGroup;
			children = (
				81BA7C5A25D1AF7A0002D594 /* PesquisarRegistrosViewController.swift */,
				81BA7D3D25D608E20002D594 /* PesquisarRegistrosViewModel.swift */,
				81BA7D4225D609750002D594 /* PesquisarRegistrosView.swift */,
				81F3D69B2645667B002966DB /* PesquisarRegistrosViewModel+Protocol.swift */,
			);
			path = PesquisarRegistros;
			sourceTree = "<group>";
		};
		81BA7C0A25D16F690002D594 /* Coordinators */ = {
			isa = PBXGroup;
			children = (
				81BA7C0025D16B1E0002D594 /* Coordinator.swift */,
				81BA7BFB25D16B040002D594 /* AppCoordinator.swift */,
				81BA7C0B25D16F800002D594 /* RegistrosCoordinator.swift */,
				81BA7DC225DBF9570002D594 /* PesquisarRegistrosCoordinator.swift */,
				81F10B3925E97645001F0ACB /* EditarRegistroCoordinator.swift */,
				81F3D6BD264753BF002966DB /* ConfigCoordinator.swift */,
			);
			path = Coordinators;
			sourceTree = "<group>";
		};
		81BA7C3A25D1736E0002D594 /* Model */ = {
			isa = PBXGroup;
			children = (
				81F10AB525E01166001F0ACB /* Registro+CoreDataClass.swift */,
				81F10AB625E01166001F0ACB /* Registro+CoreDataProperties.swift */,
				81BA7C3B25D1737A0002D594 /* RegistroDTO.swift */,
				81BA7C7725D2B5660002D594 /* Weather.swift */,
				81BA7CC125D42DE80002D594 /* Humor.swift */,
				81BA7CC625D42E570002D594 /* Schema.swift */,
			);
			path = Model;
			sourceTree = "<group>";
		};
		81BA7C5F25D2AC0C0002D594 /* Network */ = {
			isa = PBXGroup;
			children = (
				81BA7C6025D2AD100002D594 /* URLSession+Extensions.swift */,
				81BA7C6D25D2ADA40002D594 /* WeatherAPI.swift */,
				81BA7C7225D2B09A0002D594 /* APISettings.swift */,
			);
			path = Network;
			sourceTree = "<group>";
		};
		81BA7CBB25D42CB30002D594 /* Service */ = {
			isa = PBXGroup;
			children = (
				81BA7CBC25D42CC00002D594 /* CoreDataService.swift */,
			);
			path = Service;
			sourceTree = "<group>";
		};
		81BA7DC725DD3B3B0002D594 /* CustomCells */ = {
			isa = PBXGroup;
			children = (
				81BA7DC825DD3B4D0002D594 /* BodyEscreverDiarioViewCell.swift */,
				81F10B0E25E6BF41001F0ACB /* TitleEscreverDiarioViewCell.swift */,
				81F10B1625E6BF96001F0ACB /* EscreverDiarioAcessoryView.swift */,
			);
			path = CustomCells;
			sourceTree = "<group>";
		};
		81BA7DE225DD4B9F0002D594 /* CustomCells */ = {
			isa = PBXGroup;
			children = (
				81BA7DE325DD4BB40002D594 /* RegistrosViewCell.swift */,
				81F10A9D25E00E09001F0ACB /* SectionCell.swift */,
			);
			path = CustomCells;
			sourceTree = "<group>";
		};
		81F10A9625DFFD1F001F0ACB /* EditarRegistro */ = {
			isa = PBXGroup;
			children = (
				81F3D6962644DBB2002966DB /* ViewModel */,
				81F10B0825E6AEF0001F0ACB /* CustomCells */,
				81F10AF325E6A987001F0ACB /* EditarRegistroViewController.swift */,
				81F10B0325E6ACAC001F0ACB /* EditarRegistroView.swift */,
			);
			path = EditarRegistro;
			sourceTree = "<group>";
		};
		81F10AA225E00F0A001F0ACB /* Repository */ = {
			isa = PBXGroup;
			children = (
				81BA7CB625D42C980002D594 /* RegistroRepository.swift */,
			);
			path = Repository;
			sourceTree = "<group>";
		};
		81F10B0825E6AEF0001F0ACB /* CustomCells */ = {
			isa = PBXGroup;
			children = (
				81F10B0925E6AEFE001F0ACB /* EditarRegistroCellModel.swift */,
			);
			path = CustomCells;
			sourceTree = "<group>";
		};
		81F10B2A25E975A4001F0ACB /* ConfigurarRegistro */ = {
			isa = PBXGroup;
			children = (
				81F10B2B25E975C7001F0ACB /* ConfigurarRegistroViewController.swift */,
				817F79FB25F01827002F0856 /* PresentationViewController.swift */,
				817F7A0025F01E0F002F0856 /* ConfigurarRegistroView.swift */,
				817F7A0825F026A4002F0856 /* ConfigurarRigistroViewModel.swift */,
				81F3D69D264567B1002966DB /* ConfigurarRegistrosViewModel+Protocol.swift */,
			);
			path = ConfigurarRegistro;
			sourceTree = "<group>";
		};
		81F3D6962644DBB2002966DB /* ViewModel */ = {
			isa = PBXGroup;
			children = (
				81F10AFE25E6ACA3001F0ACB /* EditarRegistroViewModel.swift */,
				81F3D6972644DBC6002966DB /* EditarRegistroViewModel+Protocols.swift */,
			);
			path = ViewModel;
			sourceTree = "<group>";
		};
		81F3D6A32646CAA0002966DB /* Shared */ = {
			isa = PBXGroup;
			children = (
				81FE0984264DE162000D9243 /* ThemeManager */,
				81F3D6B226473F9F002966DB /* Util */,
				81F3D6A72646CB6E002966DB /* Protocols */,
				81F3D6A42646CAAE002966DB /* Extensions */,
				81BA7BC225D16A320002D594 /* AppDelegate.swift */,
				81BA7BC425D16A320002D594 /* SceneDelegate.swift */,
			);
			path = Shared;
			sourceTree = "<group>";
		};
		81F3D6A42646CAAE002966DB /* Extensions */ = {
			isa = PBXGroup;
			children = (
				81F3D6A52646CAC9002966DB /* CPLPlacemark.swift */,
				81F3D6C72648309E002966DB /* UITextView+Attachment.swift */,
				8100C0D1264ED600002F2B80 /* UIWindow.swift */,
			);
			path = Extensions;
			sourceTree = "<group>";
		};
		81F3D6A72646CB6E002966DB /* Protocols */ = {
			isa = PBXGroup;
			children = (
				81BA7C4325D173B60002D594 /* ViewModel.swift */,
			);
			path = Protocols;
			sourceTree = "<group>";
		};
		81F3D6A92647008A002966DB /* Config */ = {
			isa = PBXGroup;
			children = (
				81F3D6B9264752B6002966DB /* Themes */,
				81F3D6AA264700A1002966DB /* ConfigViewController.swift */,
				81F3D6AC26470737002966DB /* ConfigSections.swift */,
				81F3D6AE2647074F002966DB /* ConfigViewModel.swift */,
				81F3D6B0264707A3002966DB /* SwitchButtonTableViewCell.swift */,
			);
			path = Config;
			sourceTree = "<group>";
		};
		81F3D6B226473F9F002966DB /* Util */ = {
			isa = PBXGroup;
			children = (
				81F3D6B326474A78002966DB /* DefaultsEnum.swift */,
				81F3D6B526474AE6002966DB /* BiometricAuthentication.swift */,
				81F3D6B726474B61002966DB /* AlertMessage.swift */,
				81F3D6C526476AD2002966DB /* InterfaceStyleManager.swift */,
				81F3D6D2264B3615002966DB /* Styles.swift */,
			);
			path = Util;
			sourceTree = "<group>";
		};
		81F3D6B9264752B6002966DB /* Themes */ = {
			isa = PBXGroup;
			children = (
				81F3D6BB26475389002966DB /* ThemeViewController.swift */,
				81F3D6BF2647564B002966DB /* ThemeViewModel.swift */,
				81F3D6C1264757FF002966DB /* ThemeViewModel+Protocol.swift */,
				81F3D6C326475CF2002966DB /* ThemeView.swift */,
			);
			path = Themes;
			sourceTree = "<group>";
		};
		81FE0984264DE162000D9243 /* ThemeManager */ = {
			isa = PBXGroup;
			children = (
				81FE098D264ECE09000D9243 /* AvailableThemes */,
				81FE0985264ECCB2000D9243 /* Theme.swift */,
				81FE0987264ECCC5000D9243 /* ThemeProtocol.swift */,
				81FE0989264ECCE7000D9243 /* UIAssets.swift */,
				81FE098B264ECCF7000D9243 /* ThemeManager.swift */,
				81FE0990264ECE37000D9243 /* ThemeAssets.swift */,
			);
			path = ThemeManager;
			sourceTree = "<group>";
		};
		81FE098D264ECE09000D9243 /* AvailableThemes */ = {
			isa = PBXGroup;
			children = (
				81FE098E264ECE19000D9243 /* BlueTheme.swift */,
				8100C0D5264EE667002F2B80 /* RedTheme.swift */,
				8100C0D7264EE671002F2B80 /* PinkTheme.swift */,
				8100C0D9264EE67A002F2B80 /* PurpleTheme.swift */,
			);
			path = AvailableThemes;
			sourceTree = "<group>";
		};
		81FE0992264ED18B000D9243 /* UI */ = {
			isa = PBXGroup;
			children = (
				81FE0993264ED196000D9243 /* SDButton.swift */,
				81FE0995264ED1D8000D9243 /* SDNavigation.swift */,
				81FE0997264ED20E000D9243 /* SDLabel.swift */,
				81FE0999264ED350000D9243 /* SDView.swift */,
				8100C0D3264ED6B0002F2B80 /* SDBarButtonItem.swift */,
			);
			path = UI;
			sourceTree = "<group>";
		};
		E8A836F27DDD01AE3689DC04 /* Pods */ = {
			isa = PBXGroup;
			children = (
				FBF36D0CB2D0C71D60E701A5 /* Pods-UmSimplesDiario.debug.xcconfig */,
				6325CDD0DB65906C0C32626D /* Pods-UmSimplesDiario.release.xcconfig */,
				91DBE402C88954FC1A6188A4 /* Pods-UmSimplesDiario-UmSimplesDiarioUITests.debug.xcconfig */,
				3A81DAA88FA86F6045E31094 /* Pods-UmSimplesDiario-UmSimplesDiarioUITests.release.xcconfig */,
				5F3A892BFBD9B9B5980E0FDA /* Pods-UmSimplesDiarioTests.debug.xcconfig */,
				FF34AC9D6614282604C7E3AE /* Pods-UmSimplesDiarioTests.release.xcconfig */,
			);
			path = Pods;
			sourceTree = "<group>";
		};
/* End PBXGroup section */

/* Begin PBXNativeTarget section */
		81BA7BBE25D16A320002D594 /* UmSimplesDiario */ = {
			isa = PBXNativeTarget;
			buildConfigurationList = 81BA7BEC25D16A340002D594 /* Build configuration list for PBXNativeTarget "UmSimplesDiario" */;
			buildPhases = (
				ED223DF42A196621382D6F06 /* [CP] Check Pods Manifest.lock */,
				81BA7BBB25D16A320002D594 /* Sources */,
				81BA7BBC25D16A320002D594 /* Frameworks */,
				81BA7BBD25D16A320002D594 /* Resources */,
				D7FD640D35D231DED0D57176 /* [CP] Embed Pods Frameworks */,
				81F10AA925E010B6001F0ACB /* ShellScript */,
			);
			buildRules = (
			);
			dependencies = (
			);
			name = UmSimplesDiario;
			productName = UmSimplesDiario;
			productReference = 81BA7BBF25D16A320002D594 /* UmSimplesDiario.app */;
			productType = "com.apple.product-type.application";
		};
		81BA7BD725D16A340002D594 /* UmSimplesDiarioTests */ = {
			isa = PBXNativeTarget;
			buildConfigurationList = 81BA7BEF25D16A340002D594 /* Build configuration list for PBXNativeTarget "UmSimplesDiarioTests" */;
			buildPhases = (
				57402ACE3F6AFF345A0855F5 /* [CP] Check Pods Manifest.lock */,
				81BA7BD425D16A340002D594 /* Sources */,
				81BA7BD525D16A340002D594 /* Frameworks */,
				81BA7BD625D16A340002D594 /* Resources */,
			);
			buildRules = (
			);
			dependencies = (
				81BA7BDA25D16A340002D594 /* PBXTargetDependency */,
			);
			name = UmSimplesDiarioTests;
			productName = UmSimplesDiarioTests;
			productReference = 81BA7BD825D16A340002D594 /* UmSimplesDiarioTests.xctest */;
			productType = "com.apple.product-type.bundle.unit-test";
		};
		81BA7BE225D16A340002D594 /* UmSimplesDiarioUITests */ = {
			isa = PBXNativeTarget;
			buildConfigurationList = 81BA7BF225D16A340002D594 /* Build configuration list for PBXNativeTarget "UmSimplesDiarioUITests" */;
			buildPhases = (
				228EA60F3690F765BB2246AB /* [CP] Check Pods Manifest.lock */,
				81BA7BDF25D16A340002D594 /* Sources */,
				81BA7BE025D16A340002D594 /* Frameworks */,
				81BA7BE125D16A340002D594 /* Resources */,
				6027A910CF9F07BC32802983 /* [CP] Embed Pods Frameworks */,
			);
			buildRules = (
			);
			dependencies = (
				81BA7BE525D16A340002D594 /* PBXTargetDependency */,
			);
			name = UmSimplesDiarioUITests;
			productName = UmSimplesDiarioUITests;
			productReference = 81BA7BE325D16A340002D594 /* UmSimplesDiarioUITests.xctest */;
			productType = "com.apple.product-type.bundle.ui-testing";
		};
/* End PBXNativeTarget section */

/* Begin PBXProject section */
		81BA7BB725D16A320002D594 /* Project object */ = {
			isa = PBXProject;
			attributes = {
				LastSwiftUpdateCheck = 1220;
				LastUpgradeCheck = 1220;
				TargetAttributes = {
					81BA7BBE25D16A320002D594 = {
						CreatedOnToolsVersion = 12.2;
					};
					81BA7BD725D16A340002D594 = {
						CreatedOnToolsVersion = 12.2;
						TestTargetID = 81BA7BBE25D16A320002D594;
					};
					81BA7BE225D16A340002D594 = {
						CreatedOnToolsVersion = 12.2;
						TestTargetID = 81BA7BBE25D16A320002D594;
					};
				};
			};
			buildConfigurationList = 81BA7BBA25D16A320002D594 /* Build configuration list for PBXProject "UmSimplesDiario" */;
			compatibilityVersion = "Xcode 9.3";
			developmentRegion = en;
			hasScannedForEncodings = 0;
			knownRegions = (
				en,
				Base,
			);
			mainGroup = 81BA7BB625D16A320002D594;
			productRefGroup = 81BA7BC025D16A320002D594 /* Products */;
			projectDirPath = "";
			projectRoot = "";
			targets = (
				81BA7BBE25D16A320002D594 /* UmSimplesDiario */,
				81BA7BD725D16A340002D594 /* UmSimplesDiarioTests */,
				81BA7BE225D16A340002D594 /* UmSimplesDiarioUITests */,
			);
		};
/* End PBXProject section */

/* Begin PBXResourcesBuildPhase section */
		81BA7BBD25D16A320002D594 /* Resources */ = {
			isa = PBXResourcesBuildPhase;
			buildActionMask = 2147483647;
			files = (
				81F10ACC25E012E4001F0ACB /* .swiftlint.yml in Resources */,
				81BA7BD225D16A340002D594 /* LaunchScreen.storyboard in Resources */,
				81BA7BCF25D16A340002D594 /* Assets.xcassets in Resources */,
			);
			runOnlyForDeploymentPostprocessing = 0;
		};
		81BA7BD625D16A340002D594 /* Resources */ = {
			isa = PBXResourcesBuildPhase;
			buildActionMask = 2147483647;
			files = (
			);
			runOnlyForDeploymentPostprocessing = 0;
		};
		81BA7BE125D16A340002D594 /* Resources */ = {
			isa = PBXResourcesBuildPhase;
			buildActionMask = 2147483647;
			files = (
			);
			runOnlyForDeploymentPostprocessing = 0;
		};
/* End PBXResourcesBuildPhase section */

/* Begin PBXShellScriptBuildPhase section */
		228EA60F3690F765BB2246AB /* [CP] Check Pods Manifest.lock */ = {
			isa = PBXShellScriptBuildPhase;
			buildActionMask = 2147483647;
			files = (
			);
			inputFileListPaths = (
			);
			inputPaths = (
				"${PODS_PODFILE_DIR_PATH}/Podfile.lock",
				"${PODS_ROOT}/Manifest.lock",
			);
			name = "[CP] Check Pods Manifest.lock";
			outputFileListPaths = (
			);
			outputPaths = (
				"$(DERIVED_FILE_DIR)/Pods-UmSimplesDiario-UmSimplesDiarioUITests-checkManifestLockResult.txt",
			);
			runOnlyForDeploymentPostprocessing = 0;
			shellPath = /bin/sh;
			shellScript = "diff \"${PODS_PODFILE_DIR_PATH}/Podfile.lock\" \"${PODS_ROOT}/Manifest.lock\" > /dev/null\nif [ $? != 0 ] ; then\n    # print error to STDERR\n    echo \"error: The sandbox is not in sync with the Podfile.lock. Run 'pod install' or update your CocoaPods installation.\" >&2\n    exit 1\nfi\n# This output is used by Xcode 'outputs' to avoid re-running this script phase.\necho \"SUCCESS\" > \"${SCRIPT_OUTPUT_FILE_0}\"\n";
			showEnvVarsInLog = 0;
		};
		57402ACE3F6AFF345A0855F5 /* [CP] Check Pods Manifest.lock */ = {
			isa = PBXShellScriptBuildPhase;
			buildActionMask = 2147483647;
			files = (
			);
			inputFileListPaths = (
			);
			inputPaths = (
				"${PODS_PODFILE_DIR_PATH}/Podfile.lock",
				"${PODS_ROOT}/Manifest.lock",
			);
			name = "[CP] Check Pods Manifest.lock";
			outputFileListPaths = (
			);
			outputPaths = (
				"$(DERIVED_FILE_DIR)/Pods-UmSimplesDiarioTests-checkManifestLockResult.txt",
			);
			runOnlyForDeploymentPostprocessing = 0;
			shellPath = /bin/sh;
			shellScript = "diff \"${PODS_PODFILE_DIR_PATH}/Podfile.lock\" \"${PODS_ROOT}/Manifest.lock\" > /dev/null\nif [ $? != 0 ] ; then\n    # print error to STDERR\n    echo \"error: The sandbox is not in sync with the Podfile.lock. Run 'pod install' or update your CocoaPods installation.\" >&2\n    exit 1\nfi\n# This output is used by Xcode 'outputs' to avoid re-running this script phase.\necho \"SUCCESS\" > \"${SCRIPT_OUTPUT_FILE_0}\"\n";
			showEnvVarsInLog = 0;
		};
		6027A910CF9F07BC32802983 /* [CP] Embed Pods Frameworks */ = {
			isa = PBXShellScriptBuildPhase;
			buildActionMask = 2147483647;
			files = (
			);
			inputFileListPaths = (
				"${PODS_ROOT}/Target Support Files/Pods-UmSimplesDiario-UmSimplesDiarioUITests/Pods-UmSimplesDiario-UmSimplesDiarioUITests-frameworks-${CONFIGURATION}-input-files.xcfilelist",
			);
			name = "[CP] Embed Pods Frameworks";
			outputFileListPaths = (
				"${PODS_ROOT}/Target Support Files/Pods-UmSimplesDiario-UmSimplesDiarioUITests/Pods-UmSimplesDiario-UmSimplesDiarioUITests-frameworks-${CONFIGURATION}-output-files.xcfilelist",
			);
			runOnlyForDeploymentPostprocessing = 0;
			shellPath = /bin/sh;
			shellScript = "\"${PODS_ROOT}/Target Support Files/Pods-UmSimplesDiario-UmSimplesDiarioUITests/Pods-UmSimplesDiario-UmSimplesDiarioUITests-frameworks.sh\"\n";
			showEnvVarsInLog = 0;
		};
		81F10AA925E010B6001F0ACB /* ShellScript */ = {
			isa = PBXShellScriptBuildPhase;
			buildActionMask = 2147483647;
			files = (
			);
			inputFileListPaths = (
			);
			inputPaths = (
			);
			outputFileListPaths = (
			);
			outputPaths = (
			);
			runOnlyForDeploymentPostprocessing = 0;
			shellPath = /bin/sh;
			shellScript = "\"${PODS_ROOT}/SwiftLint/swiftlint\"\n";
		};
		D7FD640D35D231DED0D57176 /* [CP] Embed Pods Frameworks */ = {
			isa = PBXShellScriptBuildPhase;
			buildActionMask = 2147483647;
			files = (
			);
			inputFileListPaths = (
				"${PODS_ROOT}/Target Support Files/Pods-UmSimplesDiario/Pods-UmSimplesDiario-frameworks-${CONFIGURATION}-input-files.xcfilelist",
			);
			name = "[CP] Embed Pods Frameworks";
			outputFileListPaths = (
				"${PODS_ROOT}/Target Support Files/Pods-UmSimplesDiario/Pods-UmSimplesDiario-frameworks-${CONFIGURATION}-output-files.xcfilelist",
			);
			runOnlyForDeploymentPostprocessing = 0;
			shellPath = /bin/sh;
			shellScript = "\"${PODS_ROOT}/Target Support Files/Pods-UmSimplesDiario/Pods-UmSimplesDiario-frameworks.sh\"\n";
			showEnvVarsInLog = 0;
		};
		ED223DF42A196621382D6F06 /* [CP] Check Pods Manifest.lock */ = {
			isa = PBXShellScriptBuildPhase;
			buildActionMask = 2147483647;
			files = (
			);
			inputFileListPaths = (
			);
			inputPaths = (
				"${PODS_PODFILE_DIR_PATH}/Podfile.lock",
				"${PODS_ROOT}/Manifest.lock",
			);
			name = "[CP] Check Pods Manifest.lock";
			outputFileListPaths = (
			);
			outputPaths = (
				"$(DERIVED_FILE_DIR)/Pods-UmSimplesDiario-checkManifestLockResult.txt",
			);
			runOnlyForDeploymentPostprocessing = 0;
			shellPath = /bin/sh;
			shellScript = "diff \"${PODS_PODFILE_DIR_PATH}/Podfile.lock\" \"${PODS_ROOT}/Manifest.lock\" > /dev/null\nif [ $? != 0 ] ; then\n    # print error to STDERR\n    echo \"error: The sandbox is not in sync with the Podfile.lock. Run 'pod install' or update your CocoaPods installation.\" >&2\n    exit 1\nfi\n# This output is used by Xcode 'outputs' to avoid re-running this script phase.\necho \"SUCCESS\" > \"${SCRIPT_OUTPUT_FILE_0}\"\n";
			showEnvVarsInLog = 0;
		};
/* End PBXShellScriptBuildPhase section */

/* Begin PBXSourcesBuildPhase section */
		81BA7BBB25D16A320002D594 /* Sources */ = {
			isa = PBXSourcesBuildPhase;
			buildActionMask = 2147483647;
			files = (
				81F3D69E264567B1002966DB /* ConfigurarRegistrosViewModel+Protocol.swift in Sources */,
				81FE099A264ED350000D9243 /* SDView.swift in Sources */,
				81BA7CC725D42E570002D594 /* Schema.swift in Sources */,
				8100C0D2264ED600002F2B80 /* UIWindow.swift in Sources */,
				81F10A9E25E00E09001F0ACB /* SectionCell.swift in Sources */,
				81BA7C4E25D183430002D594 /* StyleSheet.swift in Sources */,
				81F10B0A25E6AEFE001F0ACB /* EditarRegistroCellModel.swift in Sources */,
				81BA7C5625D1AB0E0002D594 /* EscreverDiarioViewController.swift in Sources */,
				81F10B0425E6ACAC001F0ACB /* EditarRegistroView.swift in Sources */,
				81FE098A264ECCE7000D9243 /* UIAssets.swift in Sources */,
				81F3D6A026456C7C002966DB /* RegistrosViewModel+Protocols.swift in Sources */,
				81F10AB825E01166001F0ACB /* Registro+CoreDataProperties.swift in Sources */,
				81BA7C0C25D16F800002D594 /* RegistrosCoordinator.swift in Sources */,
				81F3D6C02647564B002966DB /* ThemeViewModel.swift in Sources */,
				81FE0991264ECE37000D9243 /* ThemeAssets.swift in Sources */,
				817F7A0125F01E0F002F0856 /* ConfigurarRegistroView.swift in Sources */,
				817F79FC25F01827002F0856 /* PresentationViewController.swift in Sources */,
				81BA7C7825D2B5660002D594 /* Weather.swift in Sources */,
				81FE0988264ECCC5000D9243 /* ThemeProtocol.swift in Sources */,
				81F3D6C2264757FF002966DB /* ThemeViewModel+Protocol.swift in Sources */,
				81BA7C1C25D16FBE0002D594 /* RegistrosViewModel.swift in Sources */,
				81BA7BC325D16A320002D594 /* AppDelegate.swift in Sources */,
				81F10AB725E01166001F0ACB /* Registro+CoreDataClass.swift in Sources */,
				81F10B2C25E975C7001F0ACB /* ConfigurarRegistroViewController.swift in Sources */,
				81BA7DC925DD3B4D0002D594 /* BodyEscreverDiarioViewCell.swift in Sources */,
				81F3D6BE264753BF002966DB /* ConfigCoordinator.swift in Sources */,
				81FE098C264ECCF7000D9243 /* ThemeManager.swift in Sources */,
				81F10B1725E6BF96001F0ACB /* EscreverDiarioAcessoryView.swift in Sources */,
				81BA7DE425DD4BB40002D594 /* RegistrosViewCell.swift in Sources */,
				81BA7C4425D173B60002D594 /* ViewModel.swift in Sources */,
				81BA7DC325DBF9570002D594 /* PesquisarRegistrosCoordinator.swift in Sources */,
				81F3D6A62646CAC9002966DB /* CPLPlacemark.swift in Sources */,
				81F3D6AB264700A1002966DB /* ConfigViewController.swift in Sources */,
				81BA7C0125D16B1E0002D594 /* Coordinator.swift in Sources */,
				81BA7CBD25D42CC00002D594 /* CoreDataService.swift in Sources */,
				81F3D6C82648309E002966DB /* UITextView+Attachment.swift in Sources */,
				81BA7C6125D2AD110002D594 /* URLSession+Extensions.swift in Sources */,
				81BA7C6E25D2ADA40002D594 /* WeatherAPI.swift in Sources */,
				81F3D6D3264B3615002966DB /* Styles.swift in Sources */,
				8100C0D6264EE667002F2B80 /* RedTheme.swift in Sources */,
				81BA7D3E25D608E20002D594 /* PesquisarRegistrosViewModel.swift in Sources */,
				81F3D6AD26470737002966DB /* ConfigSections.swift in Sources */,
				81FE0998264ED20E000D9243 /* SDLabel.swift in Sources */,
				81FE0994264ED196000D9243 /* SDButton.swift in Sources */,
				81F10AF425E6A987001F0ACB /* EditarRegistroViewController.swift in Sources */,
				81FE0996264ED1D8000D9243 /* SDNavigation.swift in Sources */,
				81F3D6C426475CF2002966DB /* ThemeView.swift in Sources */,
				81F3D6B826474B61002966DB /* AlertMessage.swift in Sources */,
				81BA7C7325D2B09A0002D594 /* APISettings.swift in Sources */,
				81BA7C5B25D1AF7A0002D594 /* PesquisarRegistrosViewController.swift in Sources */,
				81BA7D4325D609750002D594 /* PesquisarRegistrosView.swift in Sources */,
				81BA7BFC25D16B040002D594 /* AppCoordinator.swift in Sources */,
				81F3D6A22645DCCF002966DB /* EscreverDiarioViewModel+Protocol.swift in Sources */,
				81BA7C9625D2C1630002D594 /* EscreverDiarioView.swift in Sources */,
				81F10AFF25E6ACA3001F0ACB /* EditarRegistroViewModel.swift in Sources */,
				81FE0986264ECCB2000D9243 /* Theme.swift in Sources */,
				81F3D6B626474AE6002966DB /* BiometricAuthentication.swift in Sources */,
				81BA7CB725D42C990002D594 /* RegistroRepository.swift in Sources */,
				81F3D6B426474A78002966DB /* DefaultsEnum.swift in Sources */,
				81F3D6B1264707A3002966DB /* SwitchButtonTableViewCell.swift in Sources */,
				81F3D6AF2647074F002966DB /* ConfigViewModel.swift in Sources */,
				81F3D6982644DBC6002966DB /* EditarRegistroViewModel+Protocols.swift in Sources */,
				81FE098F264ECE19000D9243 /* BlueTheme.swift in Sources */,
				81BA7C2225D170260002D594 /* RegistrosView.swift in Sources */,
				81F3D69C2645667B002966DB /* PesquisarRegistrosViewModel+Protocol.swift in Sources */,
				81F10B0F25E6BF41001F0ACB /* TitleEscreverDiarioViewCell.swift in Sources */,
				81BA7C3C25D1737A0002D594 /* RegistroDTO.swift in Sources */,
				81BA7C1725D16FB00002D594 /* RegistrosViewController.swift in Sources */,
				81F10B3A25E97645001F0ACB /* EditarRegistroCoordinator.swift in Sources */,
				8100C0D8264EE671002F2B80 /* PinkTheme.swift in Sources */,
				81BA7CC225D42DE80002D594 /* Humor.swift in Sources */,
				8100C0DA264EE67A002F2B80 /* PurpleTheme.swift in Sources */,
				81F3D6BC26475389002966DB /* ThemeViewController.swift in Sources */,
				81BA7C9125D2C1580002D594 /* EscreverDiarioViewModel.swift in Sources */,
				817F7A0925F026A4002F0856 /* ConfigurarRigistroViewModel.swift in Sources */,
				8100C0D4264ED6B0002F2B80 /* SDBarButtonItem.swift in Sources */,
				81BA7BC525D16A320002D594 /* SceneDelegate.swift in Sources */,
				81F3D6C626476AD2002966DB /* InterfaceStyleManager.swift in Sources */,
				81BA7BCD25D16A320002D594 /* UmSimplesDiario.xcdatamodeld in Sources */,
				81BA7D5725D6C73F0002D594 /* HeaderEscreverDiarioView.swift in Sources */,
			);
			runOnlyForDeploymentPostprocessing = 0;
		};
		81BA7BD425D16A340002D594 /* Sources */ = {
			isa = PBXSourcesBuildPhase;
			buildActionMask = 2147483647;
			files = (
				81BA7BDD25D16A340002D594 /* UmSimplesDiarioTests.swift in Sources */,
			);
			runOnlyForDeploymentPostprocessing = 0;
		};
		81BA7BDF25D16A340002D594 /* Sources */ = {
			isa = PBXSourcesBuildPhase;
			buildActionMask = 2147483647;
			files = (
				81BA7BE825D16A340002D594 /* UmSimplesDiarioUITests.swift in Sources */,
			);
			runOnlyForDeploymentPostprocessing = 0;
		};
/* End PBXSourcesBuildPhase section */

/* Begin PBXTargetDependency section */
		81BA7BDA25D16A340002D594 /* PBXTargetDependency */ = {
			isa = PBXTargetDependency;
			target = 81BA7BBE25D16A320002D594 /* UmSimplesDiario */;
			targetProxy = 81BA7BD925D16A340002D594 /* PBXContainerItemProxy */;
		};
		81BA7BE525D16A340002D594 /* PBXTargetDependency */ = {
			isa = PBXTargetDependency;
			target = 81BA7BBE25D16A320002D594 /* UmSimplesDiario */;
			targetProxy = 81BA7BE425D16A340002D594 /* PBXContainerItemProxy */;
		};
/* End PBXTargetDependency section */

/* Begin PBXVariantGroup section */
		81BA7BD025D16A340002D594 /* LaunchScreen.storyboard */ = {
			isa = PBXVariantGroup;
			children = (
				81BA7BD125D16A340002D594 /* Base */,
			);
			name = LaunchScreen.storyboard;
			sourceTree = "<group>";
		};
/* End PBXVariantGroup section */

/* Begin XCBuildConfiguration section */
		81BA7BEA25D16A340002D594 /* Debug */ = {
			isa = XCBuildConfiguration;
			buildSettings = {
				ALWAYS_SEARCH_USER_PATHS = NO;
				CLANG_ANALYZER_NONNULL = YES;
				CLANG_ANALYZER_NUMBER_OBJECT_CONVERSION = YES_AGGRESSIVE;
				CLANG_CXX_LANGUAGE_STANDARD = "gnu++14";
				CLANG_CXX_LIBRARY = "libc++";
				CLANG_ENABLE_MODULES = YES;
				CLANG_ENABLE_OBJC_ARC = YES;
				CLANG_ENABLE_OBJC_WEAK = YES;
				CLANG_WARN_BLOCK_CAPTURE_AUTORELEASING = YES;
				CLANG_WARN_BOOL_CONVERSION = YES;
				CLANG_WARN_COMMA = YES;
				CLANG_WARN_CONSTANT_CONVERSION = YES;
				CLANG_WARN_DEPRECATED_OBJC_IMPLEMENTATIONS = YES;
				CLANG_WARN_DIRECT_OBJC_ISA_USAGE = YES_ERROR;
				CLANG_WARN_DOCUMENTATION_COMMENTS = YES;
				CLANG_WARN_EMPTY_BODY = YES;
				CLANG_WARN_ENUM_CONVERSION = YES;
				CLANG_WARN_INFINITE_RECURSION = YES;
				CLANG_WARN_INT_CONVERSION = YES;
				CLANG_WARN_NON_LITERAL_NULL_CONVERSION = YES;
				CLANG_WARN_OBJC_IMPLICIT_RETAIN_SELF = YES;
				CLANG_WARN_OBJC_LITERAL_CONVERSION = YES;
				CLANG_WARN_OBJC_ROOT_CLASS = YES_ERROR;
				CLANG_WARN_QUOTED_INCLUDE_IN_FRAMEWORK_HEADER = YES;
				CLANG_WARN_RANGE_LOOP_ANALYSIS = YES;
				CLANG_WARN_STRICT_PROTOTYPES = YES;
				CLANG_WARN_SUSPICIOUS_MOVE = YES;
				CLANG_WARN_UNGUARDED_AVAILABILITY = YES_AGGRESSIVE;
				CLANG_WARN_UNREACHABLE_CODE = YES;
				CLANG_WARN__DUPLICATE_METHOD_MATCH = YES;
				COPY_PHASE_STRIP = NO;
				DEBUG_INFORMATION_FORMAT = dwarf;
				ENABLE_STRICT_OBJC_MSGSEND = YES;
				ENABLE_TESTABILITY = YES;
				GCC_C_LANGUAGE_STANDARD = gnu11;
				GCC_DYNAMIC_NO_PIC = NO;
				GCC_NO_COMMON_BLOCKS = YES;
				GCC_OPTIMIZATION_LEVEL = 0;
				GCC_PREPROCESSOR_DEFINITIONS = (
					"DEBUG=1",
					"$(inherited)",
				);
				GCC_WARN_64_TO_32_BIT_CONVERSION = YES;
				GCC_WARN_ABOUT_RETURN_TYPE = YES_ERROR;
				GCC_WARN_UNDECLARED_SELECTOR = YES;
				GCC_WARN_UNINITIALIZED_AUTOS = YES_AGGRESSIVE;
				GCC_WARN_UNUSED_FUNCTION = YES;
				GCC_WARN_UNUSED_VARIABLE = YES;
				IPHONEOS_DEPLOYMENT_TARGET = 14.2;
				MTL_ENABLE_DEBUG_INFO = INCLUDE_SOURCE;
				MTL_FAST_MATH = YES;
				ONLY_ACTIVE_ARCH = YES;
				SDKROOT = iphoneos;
				SWIFT_ACTIVE_COMPILATION_CONDITIONS = DEBUG;
				SWIFT_OPTIMIZATION_LEVEL = "-Onone";
			};
			name = Debug;
		};
		81BA7BEB25D16A340002D594 /* Release */ = {
			isa = XCBuildConfiguration;
			buildSettings = {
				ALWAYS_SEARCH_USER_PATHS = NO;
				CLANG_ANALYZER_NONNULL = YES;
				CLANG_ANALYZER_NUMBER_OBJECT_CONVERSION = YES_AGGRESSIVE;
				CLANG_CXX_LANGUAGE_STANDARD = "gnu++14";
				CLANG_CXX_LIBRARY = "libc++";
				CLANG_ENABLE_MODULES = YES;
				CLANG_ENABLE_OBJC_ARC = YES;
				CLANG_ENABLE_OBJC_WEAK = YES;
				CLANG_WARN_BLOCK_CAPTURE_AUTORELEASING = YES;
				CLANG_WARN_BOOL_CONVERSION = YES;
				CLANG_WARN_COMMA = YES;
				CLANG_WARN_CONSTANT_CONVERSION = YES;
				CLANG_WARN_DEPRECATED_OBJC_IMPLEMENTATIONS = YES;
				CLANG_WARN_DIRECT_OBJC_ISA_USAGE = YES_ERROR;
				CLANG_WARN_DOCUMENTATION_COMMENTS = YES;
				CLANG_WARN_EMPTY_BODY = YES;
				CLANG_WARN_ENUM_CONVERSION = YES;
				CLANG_WARN_INFINITE_RECURSION = YES;
				CLANG_WARN_INT_CONVERSION = YES;
				CLANG_WARN_NON_LITERAL_NULL_CONVERSION = YES;
				CLANG_WARN_OBJC_IMPLICIT_RETAIN_SELF = YES;
				CLANG_WARN_OBJC_LITERAL_CONVERSION = YES;
				CLANG_WARN_OBJC_ROOT_CLASS = YES_ERROR;
				CLANG_WARN_QUOTED_INCLUDE_IN_FRAMEWORK_HEADER = YES;
				CLANG_WARN_RANGE_LOOP_ANALYSIS = YES;
				CLANG_WARN_STRICT_PROTOTYPES = YES;
				CLANG_WARN_SUSPICIOUS_MOVE = YES;
				CLANG_WARN_UNGUARDED_AVAILABILITY = YES_AGGRESSIVE;
				CLANG_WARN_UNREACHABLE_CODE = YES;
				CLANG_WARN__DUPLICATE_METHOD_MATCH = YES;
				COPY_PHASE_STRIP = NO;
				DEBUG_INFORMATION_FORMAT = "dwarf-with-dsym";
				ENABLE_NS_ASSERTIONS = NO;
				ENABLE_STRICT_OBJC_MSGSEND = YES;
				GCC_C_LANGUAGE_STANDARD = gnu11;
				GCC_NO_COMMON_BLOCKS = YES;
				GCC_WARN_64_TO_32_BIT_CONVERSION = YES;
				GCC_WARN_ABOUT_RETURN_TYPE = YES_ERROR;
				GCC_WARN_UNDECLARED_SELECTOR = YES;
				GCC_WARN_UNINITIALIZED_AUTOS = YES_AGGRESSIVE;
				GCC_WARN_UNUSED_FUNCTION = YES;
				GCC_WARN_UNUSED_VARIABLE = YES;
				IPHONEOS_DEPLOYMENT_TARGET = 14.2;
				MTL_ENABLE_DEBUG_INFO = NO;
				MTL_FAST_MATH = YES;
				SDKROOT = iphoneos;
				SWIFT_COMPILATION_MODE = wholemodule;
				SWIFT_OPTIMIZATION_LEVEL = "-O";
				VALIDATE_PRODUCT = YES;
			};
			name = Release;
		};
		81BA7BED25D16A340002D594 /* Debug */ = {
			isa = XCBuildConfiguration;
			baseConfigurationReference = FBF36D0CB2D0C71D60E701A5 /* Pods-UmSimplesDiario.debug.xcconfig */;
			buildSettings = {
				ASSETCATALOG_COMPILER_APPICON_NAME = AppIcon;
				ASSETCATALOG_COMPILER_GLOBAL_ACCENT_COLOR_NAME = AccentColor;
				CODE_SIGN_STYLE = Automatic;
				CURRENT_PROJECT_VERSION = 11;
				DEVELOPMENT_TEAM = 3A46XCK2VP;
				INFOPLIST_FILE = UmSimplesDiario/Info.plist;
				LD_RUNPATH_SEARCH_PATHS = (
					"$(inherited)",
					"@executable_path/Frameworks",
				);
				PRODUCT_BUNDLE_IDENTIFIER = viniciusmesquita.UmSimplesDiario;
				PRODUCT_NAME = "$(TARGET_NAME)";
				SWIFT_VERSION = 5.0;
				TARGETED_DEVICE_FAMILY = 1;
			};
			name = Debug;
		};
		81BA7BEE25D16A340002D594 /* Release */ = {
			isa = XCBuildConfiguration;
			baseConfigurationReference = 6325CDD0DB65906C0C32626D /* Pods-UmSimplesDiario.release.xcconfig */;
			buildSettings = {
				ASSETCATALOG_COMPILER_APPICON_NAME = AppIcon;
				ASSETCATALOG_COMPILER_GLOBAL_ACCENT_COLOR_NAME = AccentColor;
				CODE_SIGN_STYLE = Automatic;
				CURRENT_PROJECT_VERSION = 11;
				DEVELOPMENT_TEAM = 3A46XCK2VP;
				INFOPLIST_FILE = UmSimplesDiario/Info.plist;
				LD_RUNPATH_SEARCH_PATHS = (
					"$(inherited)",
					"@executable_path/Frameworks",
				);
				PRODUCT_BUNDLE_IDENTIFIER = viniciusmesquita.UmSimplesDiario;
				PRODUCT_NAME = "$(TARGET_NAME)";
				SWIFT_VERSION = 5.0;
				TARGETED_DEVICE_FAMILY = 1;
			};
			name = Release;
		};
		81BA7BF025D16A340002D594 /* Debug */ = {
			isa = XCBuildConfiguration;
			baseConfigurationReference = 5F3A892BFBD9B9B5980E0FDA /* Pods-UmSimplesDiarioTests.debug.xcconfig */;
			buildSettings = {
				ALWAYS_EMBED_SWIFT_STANDARD_LIBRARIES = YES;
				BUNDLE_LOADER = "$(TEST_HOST)";
				CODE_SIGN_STYLE = Automatic;
				DEVELOPMENT_TEAM = 3A46XCK2VP;
				INFOPLIST_FILE = UmSimplesDiarioTests/Info.plist;
				IPHONEOS_DEPLOYMENT_TARGET = 14.2;
				LD_RUNPATH_SEARCH_PATHS = (
					"$(inherited)",
					"@executable_path/Frameworks",
					"@loader_path/Frameworks",
				);
				PRODUCT_BUNDLE_IDENTIFIER = viniciusmesquita.UmSimplesDiarioTests;
				PRODUCT_NAME = "$(TARGET_NAME)";
				SWIFT_VERSION = 5.0;
				TARGETED_DEVICE_FAMILY = "1,2";
				TEST_HOST = "$(BUILT_PRODUCTS_DIR)/UmSimplesDiario.app/UmSimplesDiario";
			};
			name = Debug;
		};
		81BA7BF125D16A340002D594 /* Release */ = {
			isa = XCBuildConfiguration;
			baseConfigurationReference = FF34AC9D6614282604C7E3AE /* Pods-UmSimplesDiarioTests.release.xcconfig */;
			buildSettings = {
				ALWAYS_EMBED_SWIFT_STANDARD_LIBRARIES = YES;
				BUNDLE_LOADER = "$(TEST_HOST)";
				CODE_SIGN_STYLE = Automatic;
				DEVELOPMENT_TEAM = 3A46XCK2VP;
				INFOPLIST_FILE = UmSimplesDiarioTests/Info.plist;
				IPHONEOS_DEPLOYMENT_TARGET = 14.2;
				LD_RUNPATH_SEARCH_PATHS = (
					"$(inherited)",
					"@executable_path/Frameworks",
					"@loader_path/Frameworks",
				);
				PRODUCT_BUNDLE_IDENTIFIER = viniciusmesquita.UmSimplesDiarioTests;
				PRODUCT_NAME = "$(TARGET_NAME)";
				SWIFT_VERSION = 5.0;
				TARGETED_DEVICE_FAMILY = "1,2";
				TEST_HOST = "$(BUILT_PRODUCTS_DIR)/UmSimplesDiario.app/UmSimplesDiario";
			};
			name = Release;
		};
		81BA7BF325D16A340002D594 /* Debug */ = {
			isa = XCBuildConfiguration;
			baseConfigurationReference = 91DBE402C88954FC1A6188A4 /* Pods-UmSimplesDiario-UmSimplesDiarioUITests.debug.xcconfig */;
			buildSettings = {
				ALWAYS_EMBED_SWIFT_STANDARD_LIBRARIES = YES;
				CODE_SIGN_STYLE = Automatic;
				DEVELOPMENT_TEAM = 3A46XCK2VP;
				INFOPLIST_FILE = UmSimplesDiarioUITests/Info.plist;
				LD_RUNPATH_SEARCH_PATHS = (
					"$(inherited)",
					"@executable_path/Frameworks",
					"@loader_path/Frameworks",
				);
				PRODUCT_BUNDLE_IDENTIFIER = viniciusmesquita.UmSimplesDiarioUITests;
				PRODUCT_NAME = "$(TARGET_NAME)";
				SWIFT_VERSION = 5.0;
				TARGETED_DEVICE_FAMILY = "1,2";
				TEST_TARGET_NAME = UmSimplesDiario;
			};
			name = Debug;
		};
		81BA7BF425D16A340002D594 /* Release */ = {
			isa = XCBuildConfiguration;
			baseConfigurationReference = 3A81DAA88FA86F6045E31094 /* Pods-UmSimplesDiario-UmSimplesDiarioUITests.release.xcconfig */;
			buildSettings = {
				ALWAYS_EMBED_SWIFT_STANDARD_LIBRARIES = YES;
				CODE_SIGN_STYLE = Automatic;
				DEVELOPMENT_TEAM = 3A46XCK2VP;
				INFOPLIST_FILE = UmSimplesDiarioUITests/Info.plist;
				LD_RUNPATH_SEARCH_PATHS = (
					"$(inherited)",
					"@executable_path/Frameworks",
					"@loader_path/Frameworks",
				);
				PRODUCT_BUNDLE_IDENTIFIER = viniciusmesquita.UmSimplesDiarioUITests;
				PRODUCT_NAME = "$(TARGET_NAME)";
				SWIFT_VERSION = 5.0;
				TARGETED_DEVICE_FAMILY = "1,2";
				TEST_TARGET_NAME = UmSimplesDiario;
			};
			name = Release;
		};
/* End XCBuildConfiguration section */

/* Begin XCConfigurationList section */
		81BA7BBA25D16A320002D594 /* Build configuration list for PBXProject "UmSimplesDiario" */ = {
			isa = XCConfigurationList;
			buildConfigurations = (
				81BA7BEA25D16A340002D594 /* Debug */,
				81BA7BEB25D16A340002D594 /* Release */,
			);
			defaultConfigurationIsVisible = 0;
			defaultConfigurationName = Release;
		};
		81BA7BEC25D16A340002D594 /* Build configuration list for PBXNativeTarget "UmSimplesDiario" */ = {
			isa = XCConfigurationList;
			buildConfigurations = (
				81BA7BED25D16A340002D594 /* Debug */,
				81BA7BEE25D16A340002D594 /* Release */,
			);
			defaultConfigurationIsVisible = 0;
			defaultConfigurationName = Release;
		};
		81BA7BEF25D16A340002D594 /* Build configuration list for PBXNativeTarget "UmSimplesDiarioTests" */ = {
			isa = XCConfigurationList;
			buildConfigurations = (
				81BA7BF025D16A340002D594 /* Debug */,
				81BA7BF125D16A340002D594 /* Release */,
			);
			defaultConfigurationIsVisible = 0;
			defaultConfigurationName = Release;
		};
		81BA7BF225D16A340002D594 /* Build configuration list for PBXNativeTarget "UmSimplesDiarioUITests" */ = {
			isa = XCConfigurationList;
			buildConfigurations = (
				81BA7BF325D16A340002D594 /* Debug */,
				81BA7BF425D16A340002D594 /* Release */,
			);
			defaultConfigurationIsVisible = 0;
			defaultConfigurationName = Release;
		};
/* End XCConfigurationList section */

/* Begin XCVersionGroup section */
		81BA7BCB25D16A320002D594 /* UmSimplesDiario.xcdatamodeld */ = {
			isa = XCVersionGroup;
			children = (
				81BA7BCC25D16A320002D594 /* UmSimplesDiario.xcdatamodel */,
			);
			currentVersion = 81BA7BCC25D16A320002D594 /* UmSimplesDiario.xcdatamodel */;
			path = UmSimplesDiario.xcdatamodeld;
			sourceTree = "<group>";
			versionGroupType = wrapper.xcdatamodel;
		};
/* End XCVersionGroup section */
	};
	rootObject = 81BA7BB725D16A320002D594 /* Project object */;
}
